# @generated - this file is auto-generated by `mise lock` https://mise.jdx.dev/dev-tools/mise-lock.html

[[tools.prek]]
version = "0.4.8"
backend = "aqua:j178/prek"

[tools.prek."platforms.linux-arm64"]
checksum = "sha256:379108e6b2db7d49277ad2986446097f442b252ef27ff07bd0cbf716de982eb1"
url = "https://github.com/j178/prek/releases/download/v0.4.8/prek-aarch64-unknown-linux-musl.tar.gz"
url_api = "https://api.github.com/repos/j178/prek/releases/assets/466303287"
provenance = "github-attestations"

[tools.prek."platforms.linux-arm64-musl"]
checksum = "sha256:379108e6b2db7d49277ad2986446097f442b252ef27ff07bd0cbf716de982eb1"
url = "https://github.com/j178/prek/releases/download/v0.4.8/prek-aarch64-unknown-linux-musl.tar.gz"
url_api = "https://api.github.com/repos/j178/prek/releases/assets/466303287"
provenance = "github-attestations"

[tools.prek."platforms.linux-x64"]
checksum = "sha256:21df9ac0c3d3c047e424be612cc55f5b243546f9ef5cde12ed134752312bdf7b"
url = "https://github.com/j178/prek/releases/download/v0.4.8/prek-x86_64-unknown-linux-musl.tar.gz"
url_api = "https://api.github.com/repos/j178/prek/releases/assets/466303341"
provenance = "github-attestations"

[tools.prek."platforms.linux-x64-musl"]
checksum = "sha256:21df9ac0c3d3c047e424be612cc55f5b243546f9ef5cde12ed134752312bdf7b"
url = "https://github.com/j178/prek/releases/download/v0.4.8/prek-x86_64-unknown-linux-musl.tar.gz"
url_api = "https://api.github.com/repos/j178/prek/releases/assets/466303341"
provenance = "github-attestations"

[tools.prek."platforms.macos-arm64"]
checksum = "sha256:f0084a9b5ce467c00306b2b329cc929744e2723ed1e7c369929a60ab10196fcc"
url = "https://github.com/j178/prek/releases/download/v0.4.8/prek-aarch64-apple-darwin.tar.gz"
url_api = "https://api.github.com/repos/j178/prek/releases/assets/466303279"
provenance = "github-attestations"

[tools.prek."platforms.macos-x64"]
checksum = "sha256:dc402357bc5074791f4f1bcf5ce8622da38272e210ff84a551d3044e8da6f05d"
url = "https://github.com/j178/prek/releases/download/v0.4.8/prek-x86_64-apple-darwin.tar.gz"
url_api = "https://api.github.com/repos/j178/prek/releases/assets/466303322"
provenance = "github-attestations"

[tools.prek."platforms.windows-x64"]
checksum = "sha256:7c17dba682812ab24e04a4982dccc228dbf74b695444bd9fa8cbb8c1dc78664c"
url = "https://github.com/j178/prek/releases/download/v0.4.8/prek-x86_64-pc-windows-msvc.zip"
url_api = "https://api.github.com/repos/j178/prek/releases/assets/466303326"
provenance = "github-attestations"

[[tools.rumdl]]
version = "0.2.30"
backend = "aqua:rvben/rumdl"

[tools.rumdl."platforms.linux-arm64"]
checksum = "sha256:0d55107e6070e0c0f755102bf3583f209e889511bb82d5abcb9e5547a2a7af1f"
url = "https://github.com/rvben/rumdl/releases/download/v0.2.30/rumdl-v0.2.30-aarch64-unknown-linux-musl.tar.gz"
url_api = "https://api.github.com/repos/rvben/rumdl/releases/assets/471593988"
provenance = "github-attestations"

[tools.rumdl."platforms.linux-arm64-musl"]
checksum = "sha256:0d55107e6070e0c0f755102bf3583f209e889511bb82d5abcb9e5547a2a7af1f"
url = "https://github.com/rvben/rumdl/releases/download/v0.2.30/rumdl-v0.2.30-aarch64-unknown-linux-musl.tar.gz"
url_api = "https://api.github.com/repos/rvben/rumdl/releases/assets/471593988"
provenance = "github-attestations"

[tools.rumdl."platforms.linux-x64"]
checksum = "sha256:5d1c80418463aa7ca7edf1854602db717a3aa9be05fe9dc6a337263f5e78ebe0"
url = "https://github.com/rvben/rumdl/releases/download/v0.2.30/rumdl-v0.2.30-x86_64-unknown-linux-musl.tar.gz"
url_api = "https://api.github.com/repos/rvben/rumdl/releases/assets/471593986"
provenance = "github-attestations"

[tools.rumdl."platforms.linux-x64-musl"]
checksum = "sha256:5d1c80418463aa7ca7edf1854602db717a3aa9be05fe9dc6a337263f5e78ebe0"
url = "https://github.com/rvben/rumdl/releases/download/v0.2.30/rumdl-v0.2.30-x86_64-unknown-linux-musl.tar.gz"
url_api = "https://api.github.com/repos/rvben/rumdl/releases/assets/471593986"
provenance = "github-attestations"

[tools.rumdl."platforms.macos-arm64"]
checksum = "sha256:ea40c02fbe1c483959cd4a44226eeddee1433e1298aec0f1351d54f1c08c9f5d"
url = "https://github.com/rvben/rumdl/releases/download/v0.2.30/rumdl-v0.2.30-aarch64-apple-darwin.tar.gz"
url_api = "https://api.github.com/repos/rvben/rumdl/releases/assets/471593996"
provenance = "github-attestations"

[tools.rumdl."platforms.macos-x64"]
checksum = "sha256:75e0d97d9cd304fee4f0f9dd736b2d8be641b6b5f4d5b49460dcb4790172b8ac"
url = "https://github.com/rvben/rumdl/releases/download/v0.2.30/rumdl-v0.2.30-x86_64-apple-darwin.tar.gz"
url_api = "https://api.github.com/repos/rvben/rumdl/releases/assets/471593987"
provenance = "github-attestations"

[tools.rumdl."platforms.windows-x64"]
checksum = "sha256:b280adef30036e5fc0152c1c2e49d48e585c20a4eaa676f30b31f6a2dbb13170"
url = "https://github.com/rvben/rumdl/releases/download/v0.2.30/rumdl-v0.2.30-x86_64-pc-windows-msvc.zip"
url_api = "https://api.github.com/repos/rvben/rumdl/releases/assets/471594000"
provenance = "github-attestations"

[[tools.shellcheck]]
version = "0.11.0"
backend = "aqua:koalaman/shellcheck"

[tools.shellcheck."platforms.linux-arm64"]
checksum = "sha256:12b331c1d2db6b9eb13cfca64306b1b157a86eb69db83023e261eaa7e7c14588"
url = "https://github.com/koalaman/shellcheck/releases/download/v0.11.0/shellcheck-v0.11.0.linux.aarch64.tar.xz"
url_api = "https://api.github.com/repos/koalaman/shellcheck/releases/assets/279056934"

[tools.shellcheck."platforms.linux-arm64-musl"]
checksum = "sha256:12b331c1d2db6b9eb13cfca64306b1b157a86eb69db83023e261eaa7e7c14588"
url = "https://github.com/koalaman/shellcheck/releases/download/v0.11.0/shellcheck-v0.11.0.linux.aarch64.tar.xz"
url_api = "https://api.github.com/repos/koalaman/shellcheck/releases/assets/279056934"

[tools.shellcheck."platforms.linux-x64"]
checksum = "sha256:8c3be12b05d5c177a04c29e3c78ce89ac86f1595681cab149b65b97c4e227198"
url = "https://github.com/koalaman/shellcheck/releases/download/v0.11.0/shellcheck-v0.11.0.linux.x86_64.tar.xz"
url_api = "https://api.github.com/repos/koalaman/shellcheck/releases/assets/279056942"

[tools.shellcheck."platforms.linux-x64-musl"]
checksum = "sha256:8c3be12b05d5c177a04c29e3c78ce89ac86f1595681cab149b65b97c4e227198"
url = "https://github.com/koalaman/shellcheck/releases/download/v0.11.0/shellcheck-v0.11.0.linux.x86_64.tar.xz"
url_api = "https://api.github.com/repos/koalaman/shellcheck/releases/assets/279056942"

[tools.shellcheck."platforms.macos-arm64"]
checksum = "sha256:56affdd8de5527894dca6dc3d7e0a99a873b0f004d7aabc30ae407d3f48b0a79"
url = "https://github.com/koalaman/shellcheck/releases/download/v0.11.0/shellcheck-v0.11.0.darwin.aarch64.tar.xz"
url_api = "https://api.github.com/repos/koalaman/shellcheck/releases/assets/279056932"

[tools.shellcheck."platforms.macos-x64"]
checksum = "sha256:3c89db4edcab7cf1c27bff178882e0f6f27f7afdf54e859fa041fca10febe4c6"
url = "https://github.com/koalaman/shellcheck/releases/download/v0.11.0/shellcheck-v0.11.0.darwin.x86_64.tar.xz"
url_api = "https://api.github.com/repos/koalaman/shellcheck/releases/assets/279056930"

[tools.shellcheck."platforms.windows-x64"]
checksum = "sha256:8a4e35ab0b331c85d73567b12f2a444df187f483e5079ceffa6bda1faa2e740e"
url = "https://github.com/koalaman/shellcheck/releases/download/v0.11.0/shellcheck-v0.11.0.zip"
url_api = "https://api.github.com/repos/koalaman/shellcheck/releases/assets/279056944"
